
Microsoft Visual Studio Solution File, Format Version 12.00
# Visual Studio Version 17
VisualStudioVersion = 17.3.32825.248
MinimumVisualStudioVersion = 10.0.40219.1
Project("{FAE04EC0-301F-11D3-BF4B-00C04F79EFBC}") = "YouTubeSave", "YouTubeSave\YouTubeSave.csproj", "{9E1CEE42-FDFD-45FA-9E26-E09E57D8439A}"
EndProject
Global
	GlobalSection(SolutionConfigurationPlatforms) = preSolution
		Debug|Any CPU = Debug|Any CPU
		Release|Any CPU = Release|Any CPU
	EndGlobalSection
	GlobalSection(ProjectConfigurationPlatforms) = postSolution
		{9E1CEE42-FDFD-45FA-9E26-E09E57D8439A}.Debug|Any CPU.ActiveCfg = Debug|Any CPU
		{9E1CEE42-FDFD-45FA-9E26-E09E57D8439A}.Debug|Any CPU.Build.0 = Debug|Any CPU
		{9E1CEE42-FDFD-45FA-9E26-E09E57D8439A}.Release|Any CPU.ActiveCfg = Release|Any CPU
		{9E1CEE42-FDFD-45FA-9E26-E09E57D8439A}.Release|Any CPU.Build.0 = Release|Any CPU
	EndGlobalSection
	GlobalSection(SolutionProperties) = preSolution
		HideSolutionNode = FALSE
	EndGlobalSection
	GlobalSection(ExtensibilityGlobals) = postSolution
		SolutionGuid = {564E43E3-76D6-40EC-877B-436F19CEDB92}
	EndGlobalSection
EndGlobal
